
Microsoft Visual Studio Solution File, Format Version 12.00
# Visual Studio 15
VisualStudioVersion = 15.0.33026.149
MinimumVisualStudioVersion = 10.0.40219.1
Project("{FAE04EC0-301F-11D3-BF4B-00C04F79EFBC}") = "LauncherBase", "LauncherBase\LauncherBase.csproj", "{FCFC28DB-ADEB-4D4B-976B-CF542B9F26F0}"
EndProject
Global
	GlobalSection(SolutionConfigurationPlatforms) = preSolution
		Debug|Any CPU = Debug|Any CPU
		Release|Any CPU = Release|Any CPU
	EndGlobalSection
	GlobalSection(ProjectConfigurationPlatforms) = postSolution
		{FCFC28DB-ADEB-4D4B-976B-CF542B9F26F0}.Debug|Any CPU.ActiveCfg = Debug|Any CPU
		{FCFC28DB-ADEB-4D4B-976B-CF542B9F26F0}.Debug|Any CPU.Build.0 = Debug|Any CPU
		{FCFC28DB-ADEB-4D4B-976B-CF542B9F26F0}.Release|Any CPU.ActiveCfg = Release|Any CPU
		{FCFC28DB-ADEB-4D4B-976B-CF542B9F26F0}.Release|Any CPU.Build.0 = Release|Any CPU
	EndGlobalSection
	GlobalSection(SolutionProperties) = preSolution
		HideSolutionNode = FALSE
	EndGlobalSection
	GlobalSection(ExtensibilityGlobals) = postSolution
		SolutionGuid = {F29C6174-89D7-4E02-8F23-3220AEBCD551}
	EndGlobalSection
EndGlobal
